{
    "requires": true,
    "lockfileVersion": 1,
    "dependencies": {
        "summernote": {
            "version": "0.8.11",
            "resolved": "https://registry.npmjs.org/summernote/-/summernote-0.8.11.tgz",
            "integrity": "sha512-j+YbSK2ox1RZGeD5E/+6k57bvqhQLxiaazSj9zHBXOJnCuc0LZPSIGwyTlMaAGWpo6FlkXfjGS93hEDkV3zVJw=="
        }
    }
}
